// !$*UTF8*$!
{
	archiveVersion = 1;
	classes = {
	};
	objectVersion = 46;
	objects = {

/* Begin PBXBuildFile section */
		5E1EDFEC1E1E4E40004116A7 /* pokemon.csv in Resources */ = {isa = PBXBuildFile; fileRef = 5E1EDFEB1E1E4E40004116A7 /* pokemon.csv */; };
		5E1EDFEF1E1E5005004116A7 /* Pokemon.swift in Sources */ = {isa = PBXBuildFile; fileRef = 5E1EDFEE1E1E5005004116A7 /* Pokemon.swift */; };
		5E1EDFF21E1E5DD1004116A7 /* PokeCell.swift in Sources */ = {isa = PBXBuildFile; fileRef = 5E1EDFF11E1E5DD1004116A7 /* PokeCell.swift */; };
		5E1EDFF41E1E7DA7004116A7 /* csv.swift in Sources */ = {isa = PBXBuildFile; fileRef = 5E1EDFF31E1E7DA7004116A7 /* csv.swift */; };
		5E1EDFF61E1E80EB004116A7 /* PokemonSolid.ttf in Resources */ = {isa = PBXBuildFile; fileRef = 5E1EDFF51E1E80EB004116A7 /* PokemonSolid.ttf */; };
		5E1EDFFB1E1E84D6004116A7 /* music.mp3 in Resources */ = {isa = PBXBuildFile; fileRef = 5E1EDFFA1E1E84D6004116A7 /* music.mp3 */; };
		5EA659371E1E47980091B24D /* AppDelegate.swift in Sources */ = {isa = PBXBuildFile; fileRef = 5EA659361E1E47980091B24D /* AppDelegate.swift */; };
		5EA659391E1E47980091B24D /* ViewController.swift in Sources */ = {isa = PBXBuildFile; fileRef = 5EA659381E1E47980091B24D /* ViewController.swift */; };
		5EA6593C1E1E47980091B24D /* Main.storyboard in Resources */ = {isa = PBXBuildFile; fileRef = 5EA6593A1E1E47980091B24D /* Main.storyboard */; };
		5EA6593F1E1E47980091B24D /* Pokedex.xcdatamodeld in Sources */ = {isa = PBXBuildFile; fileRef = 5EA6593D1E1E47980091B24D /* Pokedex.xcdatamodeld */; };
		5EA659411E1E47980091B24D /* Assets.xcassets in Resources */ = {isa = PBXBuildFile; fileRef = 5EA659401E1E47980091B24D /* Assets.xcassets */; };
		5EA659441E1E47980091B24D /* LaunchScreen.storyboard in Resources */ = {isa = PBXBuildFile; fileRef = 5EA659421E1E47980091B24D /* LaunchScreen.storyboard */; };
		FFEDCB40EB9331B1CEF8C5C4 /* Pods_Pokedex.framework in Frameworks */ = {isa = PBXBuildFile; fileRef = 666EED6426BE0C01F53AF17D /* Pods_Pokedex.framework */; };
/* End PBXBuildFile section */

/* Begin PBXFileReference section */
		39517901E143C721DD64A84B /* Pods-Pokedex.release.xcconfig */ = {isa = PBXFileReference; includeInIndex = 1; lastKnownFileType = text.xcconfig; name = "Pods-Pokedex.release.xcconfig"; path = "Pods/Target Support Files/Pods-Pokedex/Pods-Pokedex.release.xcconfig"; sourceTree = "<group>"; };
		5E1EDFEB1E1E4E40004116A7 /* pokemon.csv */ = {isa = PBXFileReference; fileEncoding = 4; lastKnownFileType = text; name = pokemon.csv; path = "../../../../Downloads/pokeapi-master/data/v1/pokemon.csv"; sourceTree = "<group>"; };
		5E1EDFEE1E1E5005004116A7 /* Pokemon.swift */ = {isa = PBXFileReference; fileEncoding = 4; lastKnownFileType = sourcecode.swift; path = Pokemon.swift; sourceTree = "<group>"; };
		5E1EDFF11E1E5DD1004116A7 /* PokeCell.swift */ = {isa = PBXFileReference; fileEncoding = 4; lastKnownFileType = sourcecode.swift; path = PokeCell.swift; sourceTree = "<group>"; };
		5E1EDFF31E1E7DA7004116A7 /* csv.swift */ = {isa = PBXFileReference; fileEncoding = 4; lastKnownFileType = sourcecode.swift; name = csv.swift; path = "../../../../Downloads/csvswift-master/csv.swift"; sourceTree = "<group>"; };
		5E1EDFF51E1E80EB004116A7 /* PokemonSolid.ttf */ = {isa = PBXFileReference; lastKnownFileType = file; name = PokemonSolid.ttf; path = ../../../../Downloads/PokemonSolid.ttf; sourceTree = "<group>"; };
		5E1EDFFA1E1E84D6004116A7 /* music.mp3 */ = {isa = PBXFileReference; lastKnownFileType = audio.mp3; name = music.mp3; path = ../../../../Downloads/pokedex3/pokedex3/music.mp3; sourceTree = "<group>"; };
		5EA659331E1E47980091B24D /* Pokedex.app */ = {isa = PBXFileReference; explicitFileType = wrapper.application; includeInIndex = 0; path = Pokedex.app; sourceTree = BUILT_PRODUCTS_DIR; };
		5EA659361E1E47980091B24D /* AppDelegate.swift */ = {isa = PBXFileReference; lastKnownFileType = sourcecode.swift; path = AppDelegate.swift; sourceTree = "<group>"; };
		5EA659381E1E47980091B24D /* ViewController.swift */ = {isa = PBXFileReference; lastKnownFileType = sourcecode.swift; path = ViewController.swift; sourceTree = "<group>"; };
		5EA6593B1E1E47980091B24D /* Base */ = {isa = PBXFileReference; lastKnownFileType = file.storyboard; name = Base; path = Base.lproj/Main.storyboard; sourceTree = "<group>"; };
		5EA6593E1E1E47980091B24D /* Pokedex.xcdatamodel */ = {isa = PBXFileReference; lastKnownFileType = wrapper.xcdatamodel; path = Pokedex.xcdatamodel; sourceTree = "<group>"; };
		5EA659401E1E47980091B24D /* Assets.xcassets */ = {isa = PBXFileReference; lastKnownFileType = folder.assetcatalog; path = Assets.xcassets; sourceTree = "<group>"; };
		5EA659431E1E47980091B24D /* Base */ = {isa = PBXFileReference; lastKnownFileType = file.storyboard; name = Base; path = Base.lproj/LaunchScreen.storyboard; sourceTree = "<group>"; };
		5EA659451E1E47980091B24D /* Info.plist */ = {isa = PBXFileReference; lastKnownFileType = text.plist.xml; path = Info.plist; sourceTree = "<group>"; };
		666EED6426BE0C01F53AF17D /* Pods_Pokedex.framework */ = {isa = PBXFileReference; explicitFileType = wrapper.framework; includeInIndex = 0; path = Pods_Pokedex.framework; sourceTree = BUILT_PRODUCTS_DIR; };
		B43C30C6A163298D62D97513 /* Pods-Pokedex.debug.xcconfig */ = {isa = PBXFileReference; includeInIndex = 1; lastKnownFileType = text.xcconfig; name = "Pods-Pokedex.debug.xcconfig"; path = "Pods/Target Support Files/Pods-Pokedex/Pods-Pokedex.debug.xcconfig"; sourceTree = "<group>"; };
/* End PBXFileReference section */

/* Begin PBXFrameworksBuildPhase section */
		5EA659301E1E47980091B24D /* Frameworks */ = {
			isa = PBXFrameworksBuildPhase;
			buildActionMask = 2147483647;
			files = (
				FFEDCB40EB9331B1CEF8C5C4 /* Pods_Pokedex.framework in Frameworks */,
			);
			runOnlyForDeploymentPostprocessing = 0;
		};
/* End PBXFrameworksBuildPhase section */

/* Begin PBXGroup section */
		2F8C60E13EDAC4858C8E8B81 /* Pods */ = {
			isa = PBXGroup;
			children = (
				B43C30C6A163298D62D97513 /* Pods-Pokedex.debug.xcconfig */,
				39517901E143C721DD64A84B /* Pods-Pokedex.release.xcconfig */,
			);
			name = Pods;
			sourceTree = "<group>";
		};
		5E1EDFED1E1E4FEB004116A7 /* Models */ = {
			isa = PBXGroup;
			children = (
				5E1EDFEE1E1E5005004116A7 /* Pokemon.swift */,
			);
			name = Models;
			sourceTree = "<group>";
		};
		5E1EDFF01E1E5DA3004116A7 /* CollectionViewCells */ = {
			isa = PBXGroup;
			children = (
				5E1EDFF11E1E5DD1004116A7 /* PokeCell.swift */,
			);
			name = CollectionViewCells;
			sourceTree = "<group>";
		};
		5E1EDFF71E1E8100004116A7 /* Controllers */ = {
			isa = PBXGroup;
			children = (
				5EA659381E1E47980091B24D /* ViewController.swift */,
			);
			name = Controllers;
			sourceTree = "<group>";
		};
		5E1EDFF81E1E810F004116A7 /* Resources */ = {
			isa = PBXGroup;
			children = (
				5E1EDFFA1E1E84D6004116A7 /* music.mp3 */,
				5E1EDFF51E1E80EB004116A7 /* PokemonSolid.ttf */,
				5E1EDFEB1E1E4E40004116A7 /* pokemon.csv */,
			);
			name = Resources;
			sourceTree = "<group>";
		};
		5E1EDFF91E1E812C004116A7 /* Utils */ = {
			isa = PBXGroup;
			children = (
				5E1EDFF31E1E7DA7004116A7 /* csv.swift */,
			);
			name = Utils;
			sourceTree = "<group>";
		};
		5EA6592A1E1E47980091B24D = {
			isa = PBXGroup;
			children = (
				5EA659351E1E47980091B24D /* Pokedex */,
				5EA659341E1E47980091B24D /* Products */,
				2F8C60E13EDAC4858C8E8B81 /* Pods */,
				60BA6C04B77F0347193C6733 /* Frameworks */,
			);
			sourceTree = "<group>";
		};
		5EA659341E1E47980091B24D /* Products */ = {
			isa = PBXGroup;
			children = (
				5EA659331E1E47980091B24D /* Pokedex.app */,
			);
			name = Products;
			sourceTree = "<group>";
		};
		5EA659351E1E47980091B24D /* Pokedex */ = {
			isa = PBXGroup;
			children = (
				5E1EDFF81E1E810F004116A7 /* Resources */,
				5E1EDFF91E1E812C004116A7 /* Utils */,
				5E1EDFED1E1E4FEB004116A7 /* Models */,
				5E1EDFF71E1E8100004116A7 /* Controllers */,
				5E1EDFF01E1E5DA3004116A7 /* CollectionViewCells */,
				5EA659361E1E47980091B24D /* AppDelegate.swift */,
				5EA6593A1E1E47980091B24D /* Main.storyboard */,
				5EA659401E1E47980091B24D /* Assets.xcassets */,
				5EA659421E1E47980091B24D /* LaunchScreen.storyboard */,
				5EA659451E1E47980091B24D /* Info.plist */,
				5EA6593D1E1E47980091B24D /* Pokedex.xcdatamodeld */,
			);
			path = Pokedex;
			sourceTree = "<group>";
		};
		60BA6C04B77F0347193C6733 /* Frameworks */ = {
			isa = PBXGroup;
			children = (
				666EED6426BE0C01F53AF17D /* Pods_Pokedex.framework */,
			);
			name = Frameworks;
			sourceTree = "<group>";
		};
/* End PBXGroup section */

/* Begin PBXNativeTarget section */
		5EA659321E1E47980091B24D /* Pokedex */ = {
			isa = PBXNativeTarget;
			buildConfigurationList = 5EA659481E1E47980091B24D /* Build configuration list for PBXNativeTarget "Pokedex" */;
			buildPhases = (
				F565F80D1979AA7570E55670 /* [CP] Check Pods Manifest.lock */,
				5EA6592F1E1E47980091B24D /* Sources */,
				5EA659301E1E47980091B24D /* Frameworks */,
				5EA659311E1E47980091B24D /* Resources */,
				61923CC455B2F43E2301EE48 /* [CP] Embed Pods Frameworks */,
				7838AA06283B07EAFBA8F039 /* [CP] Copy Pods Resources */,
			);
			buildRules = (
			);
			dependencies = (
			);
			name = Pokedex;
			productName = Pokedex;
			productReference = 5EA659331E1E47980091B24D /* Pokedex.app */;
			productType = "com.apple.product-type.application";
		};
/* End PBXNativeTarget section */

/* Begin PBXProject section */
		5EA6592B1E1E47980091B24D /* Project object */ = {
			isa = PBXProject;
			attributes = {
				LastSwiftUpdateCheck = 0820;
				LastUpgradeCheck = 0820;
				ORGANIZATIONNAME = immedia;
				TargetAttributes = {
					5EA659321E1E47980091B24D = {
						CreatedOnToolsVersion = 8.2.1;
						DevelopmentTeam = 9KECY24A8S;
						LastSwiftMigration = 0820;
						ProvisioningStyle = Automatic;
					};
				};
			};
			buildConfigurationList = 5EA6592E1E1E47980091B24D /* Build configuration list for PBXProject "Pokedex" */;
			compatibilityVersion = "Xcode 3.2";
			developmentRegion = English;
			hasScannedForEncodings = 0;
			knownRegions = (
				en,
				Base,
			);
			mainGroup = 5EA6592A1E1E47980091B24D;
			productRefGroup = 5EA659341E1E47980091B24D /* Products */;
			projectDirPath = "";
			projectRoot = "";
			targets = (
				5EA659321E1E47980091B24D /* Pokedex */,
			);
		};
/* End PBXProject section */

/* Begin PBXResourcesBuildPhase section */
		5EA659311E1E47980091B24D /* Resources */ = {
			isa = PBXResourcesBuildPhase;
			buildActionMask = 2147483647;
			files = (
				5E1EDFF61E1E80EB004116A7 /* PokemonSolid.ttf in Resources */,
				5EA659441E1E47980091B24D /* LaunchScreen.storyboard in Resources */,
				5E1EDFFB1E1E84D6004116A7 /* music.mp3 in Resources */,
				5EA659411E1E47980091B24D /* Assets.xcassets in Resources */,
				5E1EDFEC1E1E4E40004116A7 /* pokemon.csv in Resources */,
				5EA6593C1E1E47980091B24D /* Main.storyboard in Resources */,
			);
			runOnlyForDeploymentPostprocessing = 0;
		};
/* End PBXResourcesBuildPhase section */

/* Begin PBXShellScriptBuildPhase section */
		61923CC455B2F43E2301EE48 /* [CP] Embed Pods Frameworks */ = {
			isa = PBXShellScriptBuildPhase;
			buildActionMask = 2147483647;
			files = (
			);
			inputPaths = (
			);
			name = "[CP] Embed Pods Frameworks";
			outputPaths = (
			);
			runOnlyForDeploymentPostprocessing = 0;
			shellPath = /bin/sh;
			shellScript = "\"${SRCROOT}/Pods/Target Support Files/Pods-Pokedex/Pods-Pokedex-frameworks.sh\"\n";
			showEnvVarsInLog = 0;
		};
		7838AA06283B07EAFBA8F039 /* [CP] Copy Pods Resources */ = {
			isa = PBXShellScriptBuildPhase;
			buildActionMask = 2147483647;
			files = (
			);
			inputPaths = (
			);
			name = "[CP] Copy Pods Resources";
			outputPaths = (
			);
			runOnlyForDeploymentPostprocessing = 0;
			shellPath = /bin/sh;
			shellScript = "\"${SRCROOT}/Pods/Target Support Files/Pods-Pokedex/Pods-Pokedex-resources.sh\"\n";
			showEnvVarsInLog = 0;
		};
		F565F80D1979AA7570E55670 /* [CP] Check Pods Manifest.lock */ = {
			isa = PBXShellScriptBuildPhase;
			buildActionMask = 2147483647;
			files = (
			);
			inputPaths = (
			);
			name = "[CP] Check Pods Manifest.lock";
			outputPaths = (
			);
			runOnlyForDeploymentPostprocessing = 0;
			shellPath = /bin/sh;
			shellScript = "diff \"${PODS_ROOT}/../Podfile.lock\" \"${PODS_ROOT}/Manifest.lock\" > /dev/null\nif [ $? != 0 ] ; then\n    # print error to STDERR\n    echo \"error: The sandbox is not in sync with the Podfile.lock. Run 'pod install' or update your CocoaPods installation.\" >&2\n    exit 1\nfi\n";
			showEnvVarsInLog = 0;
		};
/* End PBXShellScriptBuildPhase section */

/* Begin PBXSourcesBuildPhase section */
		5EA6592F1E1E47980091B24D /* Sources */ = {
			isa = PBXSourcesBuildPhase;
			buildActionMask = 2147483647;
			files = (
				5E1EDFF41E1E7DA7004116A7 /* csv.swift in Sources */,
				5EA659391E1E47980091B24D /* ViewController.swift in Sources */,
				5E1EDFEF1E1E5005004116A7 /* Pokemon.swift in Sources */,
				5EA6593F1E1E47980091B24D /* Pokedex.xcdatamodeld in Sources */,
				5EA659371E1E47980091B24D /* AppDelegate.swift in Sources */,
				5E1EDFF21E1E5DD1004116A7 /* PokeCell.swift in Sources */,
			);
			runOnlyForDeploymentPostprocessing = 0;
		};
/* End PBXSourcesBuildPhase section */

/* Begin PBXVariantGroup section */
		5EA6593A1E1E47980091B24D /* Main.storyboard */ = {
			isa = PBXVariantGroup;
			children = (
				5EA6593B1E1E47980091B24D /* Base */,
			);
			name = Main.storyboard;
			sourceTree = "<group>";
		};
		5EA659421E1E47980091B24D /* LaunchScreen.storyboard */ = {
			isa = PBXVariantGroup;
			children = (
				5EA659431E1E47980091B24D /* Base */,
			);
			name = LaunchScreen.storyboard;
			sourceTree = "<group>";
		};
/* End PBXVariantGroup section */

/* Begin XCBuildConfiguration section */
		5EA659461E1E47980091B24D /* Debug */ = {
			isa = XCBuildConfiguration;
			buildSettings = {
				ALWAYS_SEARCH_USER_PATHS = NO;
				CLANG_ANALYZER_NONNULL = YES;
				CLANG_CXX_LANGUAGE_STANDARD = "gnu++0x";
				CLANG_CXX_LIBRARY = "libc++";
				CLANG_ENABLE_MODULES = YES;
				CLANG_ENABLE_OBJC_ARC = YES;
				CLANG_WARN_BOOL_CONVERSION = YES;
				CLANG_WARN_CONSTANT_CONVERSION = YES;
				CLANG_WARN_DIRECT_OBJC_ISA_USAGE = YES_ERROR;
				CLANG_WARN_DOCUMENTATION_COMMENTS = YES;
				CLANG_WARN_EMPTY_BODY = YES;
				CLANG_WARN_ENUM_CONVERSION = YES;
				CLANG_WARN_INFINITE_RECURSION = YES;
				CLANG_WARN_INT_CONVERSION = YES;
				CLANG_WARN_OBJC_ROOT_CLASS = YES_ERROR;
				CLANG_WARN_SUSPICIOUS_MOVE = YES;
				CLANG_WARN_UNREACHABLE_CODE = YES;
				CLANG_WARN__DUPLICATE_METHOD_MATCH = YES;
				"CODE_SIGN_IDENTITY[sdk=iphoneos*]" = "iPhone Developer";
				COPY_PHASE_STRIP = NO;
				DEBUG_INFORMATION_FORMAT = dwarf;
				ENABLE_STRICT_OBJC_MSGSEND = YES;
				ENABLE_TESTABILITY = YES;
				GCC_C_LANGUAGE_STANDARD = gnu99;
				GCC_DYNAMIC_NO_PIC = NO;
				GCC_NO_COMMON_BLOCKS = YES;
				GCC_OPTIMIZATION_LEVEL = 0;
				GCC_PREPROCESSOR_DEFINITIONS = (
					"DEBUG=1",
					"$(inherited)",
				);
				GCC_WARN_64_TO_32_BIT_CONVERSION = YES;
				GCC_WARN_ABOUT_RETURN_TYPE = YES_ERROR;
				GCC_WARN_UNDECLARED_SELECTOR = YES;
				GCC_WARN_UNINITIALIZED_AUTOS = YES_AGGRESSIVE;
				GCC_WARN_UNUSED_FUNCTION = YES;
				GCC_WARN_UNUSED_VARIABLE = YES;
				IPHONEOS_DEPLOYMENT_TARGET = 10.2;
				MTL_ENABLE_DEBUG_INFO = YES;
				ONLY_ACTIVE_ARCH = YES;
				SDKROOT = iphoneos;
				SWIFT_ACTIVE_COMPILATION_CONDITIONS = DEBUG;
				SWIFT_OPTIMIZATION_LEVEL = "-Onone";
			};
			name = Debug;
		};
		5EA659471E1E47980091B24D /* Release */ = {
			isa = XCBuildConfiguration;
			buildSettings = {
				ALWAYS_SEARCH_USER_PATHS = NO;
				CLANG_ANALYZER_NONNULL = YES;
				CLANG_CXX_LANGUAGE_STANDARD = "gnu++0x";
				CLANG_CXX_LIBRARY = "libc++";
				CLANG_ENABLE_MODULES = YES;
				CLANG_ENABLE_OBJC_ARC = YES;
				CLANG_WARN_BOOL_CONVERSION = YES;
				CLANG_WARN_CONSTANT_CONVERSION = YES;
				CLANG_WARN_DIRECT_OBJC_ISA_USAGE = YES_ERROR;
				CLANG_WARN_DOCUMENTATION_COMMENTS = YES;
				CLANG_WARN_EMPTY_BODY = YES;
				CLANG_WARN_ENUM_CONVERSION = YES;
				CLANG_WARN_INFINITE_RECURSION = YES;
				CLANG_WARN_INT_CONVERSION = YES;
				CLANG_WARN_OBJC_ROOT_CLASS = YES_ERROR;
				CLANG_WARN_SUSPICIOUS_MOVE = YES;
				CLANG_WARN_UNREACHABLE_CODE = YES;
				CLANG_WARN__DUPLICATE_METHOD_MATCH = YES;
				"CODE_SIGN_IDENTITY[sdk=iphoneos*]" = "iPhone Developer";
				COPY_PHASE_STRIP = NO;
				DEBUG_INFORMATION_FORMAT = "dwarf-with-dsym";
				ENABLE_NS_ASSERTIONS = NO;
				ENABLE_STRICT_OBJC_MSGSEND = YES;
				GCC_C_LANGUAGE_STANDARD = gnu99;
				GCC_NO_COMMON_BLOCKS = YES;
				GCC_WARN_64_TO_32_BIT_CONVERSION = YES;
				GCC_WARN_ABOUT_RETURN_TYPE = YES_ERROR;
				GCC_WARN_UNDECLARED_SELECTOR = YES;
				GCC_WARN_UNINITIALIZED_AUTOS = YES_AGGRESSIVE;
				GCC_WARN_UNUSED_FUNCTION = YES;
				GCC_WARN_UNUSED_VARIABLE = YES;
				IPHONEOS_DEPLOYMENT_TARGET = 10.2;
				MTL_ENABLE_DEBUG_INFO = NO;
				SDKROOT = iphoneos;
				SWIFT_OPTIMIZATION_LEVEL = "-Owholemodule";
				VALIDATE_PRODUCT = YES;
			};
			name = Release;
		};
		5EA659491E1E47980091B24D /* Debug */ = {
			isa = XCBuildConfiguration;
			baseConfigurationReference = B43C30C6A163298D62D97513 /* Pods-Pokedex.debug.xcconfig */;
			buildSettings = {
				ASSETCATALOG_COMPILER_APPICON_NAME = AppIcon;
				DEVELOPMENT_TEAM = 9KECY24A8S;
				INFOPLIST_FILE = Pokedex/Info.plist;
				LD_RUNPATH_SEARCH_PATHS = "$(inherited) @executable_path/Frameworks";
				PRODUCT_BUNDLE_IDENTIFIER = za.co.pokedex.immedia.Pokedex;
				PRODUCT_NAME = "$(TARGET_NAME)";
				SWIFT_VERSION = 3.0;
			};
			name = Debug;
		};
		5EA6594A1E1E47980091B24D /* Release */ = {
			isa = XCBuildConfiguration;
			baseConfigurationReference = 39517901E143C721DD64A84B /* Pods-Pokedex.release.xcconfig */;
			buildSettings = {
				ASSETCATALOG_COMPILER_APPICON_NAME = AppIcon;
				DEVELOPMENT_TEAM = 9KECY24A8S;
				INFOPLIST_FILE = Pokedex/Info.plist;
				LD_RUNPATH_SEARCH_PATHS = "$(inherited) @executable_path/Frameworks";
				PRODUCT_BUNDLE_IDENTIFIER = za.co.pokedex.immedia.Pokedex;
				PRODUCT_NAME = "$(TARGET_NAME)";
				SWIFT_VERSION = 3.0;
			};
			name = Release;
		};
/* End XCBuildConfiguration section */

/* Begin XCConfigurationList section */
		5EA6592E1E1E47980091B24D /* Build configuration list for PBXProject "Pokedex" */ = {
			isa = XCConfigurationList;
			buildConfigurations = (
				5EA659461E1E47980091B24D /* Debug */,
				5EA659471E1E47980091B24D /* Release */,
			);
			defaultConfigurationIsVisible = 0;
			defaultConfigurationName = Release;
		};
		5EA659481E1E47980091B24D /* Build configuration list for PBXNativeTarget "Pokedex" */ = {
			isa = XCConfigurationList;
			buildConfigurations = (
				5EA659491E1E47980091B24D /* Debug */,
				5EA6594A1E1E47980091B24D /* Release */,
			);
			defaultConfigurationIsVisible = 0;
			defaultConfigurationName = Release;
		};
/* End XCConfigurationList section */

/* Begin XCVersionGroup section */
		5EA6593D1E1E47980091B24D /* Pokedex.xcdatamodeld */ = {
			isa = XCVersionGroup;
			children = (
				5EA6593E1E1E47980091B24D /* Pokedex.xcdatamodel */,
			);
			currentVersion = 5EA6593E1E1E47980091B24D /* Pokedex.xcdatamodel */;
			path = Pokedex.xcdatamodeld;
			sourceTree = "<group>";
			versionGroupType = wrapper.xcdatamodel;
		};
/* End XCVersionGroup section */
	};
	rootObject = 5EA6592B1E1E47980091B24D /* Project object */;
}
